
Microsoft Visual Studio Solution File, Format Version 12.00
# Visual Studio 15
VisualStudioVersion = 15.0.27703.2042
MinimumVisualStudioVersion = 10.0.40219.1
Project("{FAE04EC0-301F-11D3-BF4B-00C04F79EFBC}") = "AwesomeChatBot", "AwesomeChatBot\AwesomeChatBot.csproj", "{2FD174C4-9273-4638-8025-3A647A2679FA}"
EndProject
Project("{FAE04EC0-301F-11D3-BF4B-00C04F79EFBC}") = "AwesomeChatBot.DiscordWrapper", "AwesomeChatBot.DiscordWrapper\AwesomeChatBot.DiscordWrapper.csproj", "{35934779-AB25-4FB5-9576-B26778FA2DB4}"
EndProject
Global
	GlobalSection(SolutionConfigurationPlatforms) = preSolution
		Debug|Any CPU = Debug|Any CPU
		Release|Any CPU = Release|Any CPU
	EndGlobalSection
	GlobalSection(ProjectConfigurationPlatforms) = postSolution
		{2FD174C4-9273-4638-8025-3A647A2679FA}.Debug|Any CPU.ActiveCfg = Debug|Any CPU
		{2FD174C4-9273-4638-8025-3A647A2679FA}.Debug|Any CPU.Build.0 = Debug|Any CPU
		{2FD174C4-9273-4638-8025-3A647A2679FA}.Release|Any CPU.ActiveCfg = Release|Any CPU
		{2FD174C4-9273-4638-8025-3A647A2679FA}.Release|Any CPU.Build.0 = Release|Any CPU
		{35934779-AB25-4FB5-9576-B26778FA2DB4}.Debug|Any CPU.ActiveCfg = Debug|Any CPU
		{35934779-AB25-4FB5-9576-B26778FA2DB4}.Debug|Any CPU.Build.0 = Debug|Any CPU
		{35934779-AB25-4FB5-9576-B26778FA2DB4}.Release|Any CPU.ActiveCfg = Release|Any CPU
		{35934779-AB25-4FB5-9576-B26778FA2DB4}.Release|Any CPU.Build.0 = Release|Any CPU
	EndGlobalSection
	GlobalSection(SolutionProperties) = preSolution
		HideSolutionNode = FALSE
	EndGlobalSection
	GlobalSection(ExtensibilityGlobals) = postSolution
		SolutionGuid = {90D7B068-D759-4500-A54B-904E815FDD9C}
	EndGlobalSection
EndGlobal
